{
  "name": "maketi.ge",
  "version": "1.0.0",
  "lockfileVersion": 3,
  "requires": true,
  "packages": {
    "": {
      "name": "maketi.ge",
      "version": "1.0.0",
      "license": "ISC",
      "dependencies": {
        "smbls": "^3.14.17",
        "three": "^0.184.0"
      }
    },
    "node_modules/smbls": {
      "version": "3.14.17",
      "resolved": "https://registry.npmjs.org/smbls/-/smbls-3.14.17.tgz",
      "integrity": "sha512-ON4amBRi7B6rMkdJ29MGnhOJYd2wKtXeBlSw7nRxoNCqktb6ZorVIgnUrxN8Qw49xHyf0ipk9vl1yNO2cjgp9g==",
      "license": "CC-BY-NC-4.0"
    },
    "node_modules/three": {
      "version": "0.184.0",
      "resolved": "https://registry.npmjs.org/three/-/three-0.184.0.tgz",
      "integrity": "sha512-wtTRjG92pM5eUg/KuUnHsqSAlPM296brTOcLgMRqEeylYTh/CdtvKUvCyyCQTzFuStieWxvZb8mVTMvdPyUpxg==",
      "license": "MIT"
    }
  }
}
